
Microsoft Visual Studio Solution File, Format Version 12.00
# Visual Studio 15
VisualStudioVersion = 15.0.28307.1169
MinimumVisualStudioVersion = 10.0.40219.1
Project("{FAE04EC0-301F-11D3-BF4B-00C04F79EFBC}") = "TestUngDung", "TestUngDung\TestUngDung.csproj", "{C662AD66-D794-4719-B79F-89112D85A6CC}"
EndProject
Project("{FAE04EC0-301F-11D3-BF4B-00C04F79EFBC}") = "ModelEF", "ModelEF\ModelEF.csproj", "{6C93D068-3EC0-4E83-AA8E-337E674AEC14}"
EndProject
Global
	GlobalSection(SolutionConfigurationPlatforms) = preSolution
		Debug|Any CPU = Debug|Any CPU
		Release|Any CPU = Release|Any CPU
	EndGlobalSection
	GlobalSection(ProjectConfigurationPlatforms) = postSolution
		{C662AD66-D794-4719-B79F-89112D85A6CC}.Debug|Any CPU.ActiveCfg = Debug|Any CPU
		{C662AD66-D794-4719-B79F-89112D85A6CC}.Debug|Any CPU.Build.0 = Debug|Any CPU
		{C662AD66-D794-4719-B79F-89112D85A6CC}.Release|Any CPU.ActiveCfg = Release|Any CPU
		{C662AD66-D794-4719-B79F-89112D85A6CC}.Release|Any CPU.Build.0 = Release|Any CPU
		{6C93D068-3EC0-4E83-AA8E-337E674AEC14}.Debug|Any CPU.ActiveCfg = Debug|Any CPU
		{6C93D068-3EC0-4E83-AA8E-337E674AEC14}.Debug|Any CPU.Build.0 = Debug|Any CPU
		{6C93D068-3EC0-4E83-AA8E-337E674AEC14}.Release|Any CPU.ActiveCfg = Release|Any CPU
		{6C93D068-3EC0-4E83-AA8E-337E674AEC14}.Release|Any CPU.Build.0 = Release|Any CPU
	EndGlobalSection
	GlobalSection(SolutionProperties) = preSolution
		HideSolutionNode = FALSE
	EndGlobalSection
	GlobalSection(ExtensibilityGlobals) = postSolution
		SolutionGuid = {64B55E31-7C73-4FA3-9C2D-CC37E126EE55}
	EndGlobalSection
EndGlobal
